
Microsoft Visual Studio Solution File, Format Version 12.00
# Visual Studio Version 16
VisualStudioVersion = 16.0.30523.141
MinimumVisualStudioVersion = 10.0.40219.1
Project("{2150E333-8FDC-42A3-9474-1A3956D46DE8}") = "Src", "Src", "{BA90A9EC-1D8D-4713-916D-5C83880DE098}"
EndProject
Project("{2150E333-8FDC-42A3-9474-1A3956D46DE8}") = "Test", "Test", "{5935F5AA-C22C-4B6C-A213-DBD0EB4A9A36}"
EndProject
Project("{2150E333-8FDC-42A3-9474-1A3956D46DE8}") = "Doc", "Doc", "{377DB0B7-8237-40E9-A043-38D5D4D4709C}"
EndProject
Project("{2150E333-8FDC-42A3-9474-1A3956D46DE8}") = "SolutionItem", "SolutionItem", "{8A5E5CBC-928B-4AF9-9B54-F21389CA9E94}"
EndProject
Project("{2150E333-8FDC-42A3-9474-1A3956D46DE8}") = "Core", "Core", "{9B6A4027-F523-49A2-8636-60A9716D8945}"
EndProject
Project("{2150E333-8FDC-42A3-9474-1A3956D46DE8}") = "Presentation", "Presentation", "{6FB11043-EEB4-4305-B587-C32CFCF60D87}"
EndProject
Project("{2150E333-8FDC-42A3-9474-1A3956D46DE8}") = "Infrastructures", "Infrastructures", "{AB01036F-40BE-4FF9-949F-2DD41AAF4663}"
EndProject
Project("{FAE04EC0-301F-11D3-BF4B-00C04F79EFBC}") = "Domain", "Domain\Domain.csproj", "{02E3DF25-B0EB-44E6-980E-86FEC3FFBA53}"
EndProject
Project("{FAE04EC0-301F-11D3-BF4B-00C04F79EFBC}") = "Application", "Application\Application.csproj", "{3BEC808D-1F1D-4AD8-92B4-F9CC5EB8AB0E}"
EndProject
Project("{FAE04EC0-301F-11D3-BF4B-00C04F79EFBC}") = "Persistence", "Persistence\Persistence.csproj", "{95D36174-9C65-4A0A-852D-4709587CF301}"
EndProject
Project("{FAE04EC0-301F-11D3-BF4B-00C04F79EFBC}") = "Infrastructure", "Infrastructure\Infrastructure.csproj", "{5B1C8FAD-D147-49C3-8719-8844F11117D5}"
EndProject
Project("{FAE04EC0-301F-11D3-BF4B-00C04F79EFBC}") = "WebSite.EndPoint", "WebSite.EndPoint\WebSite.EndPoint.csproj", "{882D2C5B-182B-4A8B-ADF2-76B0C1624D26}"
EndProject
Global
	GlobalSection(SolutionConfigurationPlatforms) = preSolution
		Debug|Any CPU = Debug|Any CPU
		Release|Any CPU = Release|Any CPU
	EndGlobalSection
	GlobalSection(ProjectConfigurationPlatforms) = postSolution
		{02E3DF25-B0EB-44E6-980E-86FEC3FFBA53}.Debug|Any CPU.ActiveCfg = Debug|Any CPU
		{02E3DF25-B0EB-44E6-980E-86FEC3FFBA53}.Debug|Any CPU.Build.0 = Debug|Any CPU
		{02E3DF25-B0EB-44E6-980E-86FEC3FFBA53}.Release|Any CPU.ActiveCfg = Release|Any CPU
		{02E3DF25-B0EB-44E6-980E-86FEC3FFBA53}.Release|Any CPU.Build.0 = Release|Any CPU
		{3BEC808D-1F1D-4AD8-92B4-F9CC5EB8AB0E}.Debug|Any CPU.ActiveCfg = Debug|Any CPU
		{3BEC808D-1F1D-4AD8-92B4-F9CC5EB8AB0E}.Debug|Any CPU.Build.0 = Debug|Any CPU
		{3BEC808D-1F1D-4AD8-92B4-F9CC5EB8AB0E}.Release|Any CPU.ActiveCfg = Release|Any CPU
		{3BEC808D-1F1D-4AD8-92B4-F9CC5EB8AB0E}.Release|Any CPU.Build.0 = Release|Any CPU
		{95D36174-9C65-4A0A-852D-4709587CF301}.Debug|Any CPU.ActiveCfg = Debug|Any CPU
		{95D36174-9C65-4A0A-852D-4709587CF301}.Debug|Any CPU.Build.0 = Debug|Any CPU
		{95D36174-9C65-4A0A-852D-4709587CF301}.Release|Any CPU.ActiveCfg = Release|Any CPU
		{95D36174-9C65-4A0A-852D-4709587CF301}.Release|Any CPU.Build.0 = Release|Any CPU
		{5B1C8FAD-D147-49C3-8719-8844F11117D5}.Debug|Any CPU.ActiveCfg = Debug|Any CPU
		{5B1C8FAD-D147-49C3-8719-8844F11117D5}.Debug|Any CPU.Build.0 = Debug|Any CPU
		{5B1C8FAD-D147-49C3-8719-8844F11117D5}.Release|Any CPU.ActiveCfg = Release|Any CPU
		{5B1C8FAD-D147-49C3-8719-8844F11117D5}.Release|Any CPU.Build.0 = Release|Any CPU
		{882D2C5B-182B-4A8B-ADF2-76B0C1624D26}.Debug|Any CPU.ActiveCfg = Debug|Any CPU
		{882D2C5B-182B-4A8B-ADF2-76B0C1624D26}.Debug|Any CPU.Build.0 = Debug|Any CPU
		{882D2C5B-182B-4A8B-ADF2-76B0C1624D26}.Release|Any CPU.ActiveCfg = Release|Any CPU
		{882D2C5B-182B-4A8B-ADF2-76B0C1624D26}.Release|Any CPU.Build.0 = Release|Any CPU
	EndGlobalSection
	GlobalSection(SolutionProperties) = preSolution
		HideSolutionNode = FALSE
	EndGlobalSection
	GlobalSection(NestedProjects) = preSolution
		{9B6A4027-F523-49A2-8636-60A9716D8945} = {BA90A9EC-1D8D-4713-916D-5C83880DE098}
		{6FB11043-EEB4-4305-B587-C32CFCF60D87} = {BA90A9EC-1D8D-4713-916D-5C83880DE098}
		{AB01036F-40BE-4FF9-949F-2DD41AAF4663} = {BA90A9EC-1D8D-4713-916D-5C83880DE098}
		{02E3DF25-B0EB-44E6-980E-86FEC3FFBA53} = {9B6A4027-F523-49A2-8636-60A9716D8945}
		{3BEC808D-1F1D-4AD8-92B4-F9CC5EB8AB0E} = {9B6A4027-F523-49A2-8636-60A9716D8945}
		{95D36174-9C65-4A0A-852D-4709587CF301} = {AB01036F-40BE-4FF9-949F-2DD41AAF4663}
		{5B1C8FAD-D147-49C3-8719-8844F11117D5} = {AB01036F-40BE-4FF9-949F-2DD41AAF4663}
		{882D2C5B-182B-4A8B-ADF2-76B0C1624D26} = {6FB11043-EEB4-4305-B587-C32CFCF60D87}
	EndGlobalSection
	GlobalSection(ExtensibilityGlobals) = postSolution
		SolutionGuid = {A5ADDDF1-742A-46AA-8479-44F6C41E0181}
	EndGlobalSection
EndGlobal
